
Microsoft Visual Studio Solution File, Format Version 12.00
# Visual Studio Version 17
VisualStudioVersion = 17.0.32014.148
MinimumVisualStudioVersion = 10.0.40219.1
Project("{9A19103F-16F7-4668-BE54-9A1E7A4F7556}") = "BlazorBlobDemo", "BlazorBlobDemo\BlazorBlobDemo.csproj", "{31B636C2-8630-422B-80B9-8435C8F60E56}"
EndProject
Global
	GlobalSection(SolutionConfigurationPlatforms) = preSolution
		Debug|Any CPU = Debug|Any CPU
		Release|Any CPU = Release|Any CPU
	EndGlobalSection
	GlobalSection(ProjectConfigurationPlatforms) = postSolution
		{31B636C2-8630-422B-80B9-8435C8F60E56}.Debug|Any CPU.ActiveCfg = Debug|Any CPU
		{31B636C2-8630-422B-80B9-8435C8F60E56}.Debug|Any CPU.Build.0 = Debug|Any CPU
		{31B636C2-8630-422B-80B9-8435C8F60E56}.Release|Any CPU.ActiveCfg = Release|Any CPU
		{31B636C2-8630-422B-80B9-8435C8F60E56}.Release|Any CPU.Build.0 = Release|Any CPU
	EndGlobalSection
	GlobalSection(SolutionProperties) = preSolution
		HideSolutionNode = FALSE
	EndGlobalSection
	GlobalSection(ExtensibilityGlobals) = postSolution
		SolutionGuid = {B0170943-7037-4D52-AB3E-6739E72C9FDC}
	EndGlobalSection
EndGlobal
